
Microsoft Visual Studio Solution File, Format Version 12.00
# Visual Studio Version 17
VisualStudioVersion = 17.9.34607.119
MinimumVisualStudioVersion = 10.0.40219.1
Project("{FAE04EC0-301F-11D3-BF4B-00C04F79EFBC}") = "pursify", "pursify.csproj", "{FB757B6B-1075-4E43-8A3D-C6DD970DED89}"
EndProject
Global
	GlobalSection(SolutionConfigurationPlatforms) = preSolution
		Debug|Any CPU = Debug|Any CPU
		Release|Any CPU = Release|Any CPU
	EndGlobalSection
	GlobalSection(ProjectConfigurationPlatforms) = postSolution
		{FB757B6B-1075-4E43-8A3D-C6DD970DED89}.Debug|Any CPU.ActiveCfg = Debug|Any CPU
		{FB757B6B-1075-4E43-8A3D-C6DD970DED89}.Debug|Any CPU.Build.0 = Debug|Any CPU
		{FB757B6B-1075-4E43-8A3D-C6DD970DED89}.Release|Any CPU.ActiveCfg = Release|Any CPU
		{FB757B6B-1075-4E43-8A3D-C6DD970DED89}.Release|Any CPU.Build.0 = Release|Any CPU
	EndGlobalSection
	GlobalSection(SolutionProperties) = preSolution
		HideSolutionNode = FALSE
	EndGlobalSection
	GlobalSection(ExtensibilityGlobals) = postSolution
		SolutionGuid = {3A75D968-9D88-4628-A595-9757DE97D45D}
	EndGlobalSection
EndGlobal
